
Microsoft Visual Studio Solution File, Format Version 12.00
# Visual Studio Version 16
VisualStudioVersion = 16.0.30204.135
MinimumVisualStudioVersion = 10.0.40219.1
Project("{9A19103F-16F7-4668-BE54-9A1E7A4F7556}") = "RomanNumeralConverter", "RomanNumeralConverter\RomanNumeralConverter.csproj", "{A245EBE7-4728-4043-9BB0-98DF071B3D32}"
EndProject
Project("{FAE04EC0-301F-11D3-BF4B-00C04F79EFBC}") = "RomanNumeralConverterTests", "RomanNumeralConverterTests\RomanNumeralConverterTests.csproj", "{B8FA92FA-1679-4FBD-B473-8D17F04A9DBB}"
EndProject
Global
	GlobalSection(SolutionConfigurationPlatforms) = preSolution
		Debug|Any CPU = Debug|Any CPU
		Release|Any CPU = Release|Any CPU
	EndGlobalSection
	GlobalSection(ProjectConfigurationPlatforms) = postSolution
		{A245EBE7-4728-4043-9BB0-98DF071B3D32}.Debug|Any CPU.ActiveCfg = Debug|Any CPU
		{A245EBE7-4728-4043-9BB0-98DF071B3D32}.Debug|Any CPU.Build.0 = Debug|Any CPU
		{A245EBE7-4728-4043-9BB0-98DF071B3D32}.Release|Any CPU.ActiveCfg = Release|Any CPU
		{A245EBE7-4728-4043-9BB0-98DF071B3D32}.Release|Any CPU.Build.0 = Release|Any CPU
		{B8FA92FA-1679-4FBD-B473-8D17F04A9DBB}.Debug|Any CPU.ActiveCfg = Debug|Any CPU
		{B8FA92FA-1679-4FBD-B473-8D17F04A9DBB}.Debug|Any CPU.Build.0 = Debug|Any CPU
		{B8FA92FA-1679-4FBD-B473-8D17F04A9DBB}.Release|Any CPU.ActiveCfg = Release|Any CPU
		{B8FA92FA-1679-4FBD-B473-8D17F04A9DBB}.Release|Any CPU.Build.0 = Release|Any CPU
	EndGlobalSection
	GlobalSection(SolutionProperties) = preSolution
		HideSolutionNode = FALSE
	EndGlobalSection
	GlobalSection(ExtensibilityGlobals) = postSolution
		SolutionGuid = {E6BEB8CD-52E2-47FE-BD4B-2E970491F436}
	EndGlobalSection
EndGlobal
